# THIS IS AN AUTOGENERATED FILE. DO NOT EDIT THIS FILE DIRECTLY.
# yarn lockfile v1


basiljs@basiljs/basil.js:
  version "1.1.0"
  resolved "https://codeload.github.com/basiljs/basil.js/tar.gz/f34b8a3722dd635dc0dd7cc45edfc595865e1f58"

character-entities-legacy@^1.0.0:
  version "1.1.0"
  resolved "https://registry.yarnpkg.com/character-entities-legacy/-/character-entities-legacy-1.1.0.tgz#b18aad98f6b7bcc646c1e4c81f9f1956376a561a"

character-entities@^1.0.0:
  version "1.2.0"
  resolved "https://registry.yarnpkg.com/character-entities/-/character-entities-1.2.0.tgz#a683e2cf75dbe8b171963531364e58e18a1b155f"

character-reference-invalid@^1.0.0:
  version "1.1.0"
  resolved "https://registry.yarnpkg.com/character-reference-invalid/-/character-reference-invalid-1.1.0.tgz#dec9ad1dfb9f8d06b4fcdaa2adc3c4fd97af1e68"

extendscript-es5-shim@ExtendScript/extendscript-es5-shim:
  version "0.0.1"
  resolved "https://codeload.github.com/ExtendScript/extendscript-es5-shim/tar.gz/5eb186de69740356401095aafc19aff0360272ae"

function-bind@^1.0.2:
  version "1.1.0"
  resolved "https://registry.yarnpkg.com/function-bind/-/function-bind-1.1.0.tgz#16176714c801798e4e8f2cf7f7529467bb4a5771"

has@^1.0.1:
  version "1.0.1"
  resolved "https://registry.yarnpkg.com/has/-/has-1.0.1.tgz#8461733f538b0837c9361e39a9ab9e9704dc2f28"
  dependencies:
    function-bind "^1.0.2"

is-alphabetical@^1.0.0:
  version "1.0.0"
  resolved "https://registry.yarnpkg.com/is-alphabetical/-/is-alphabetical-1.0.0.tgz#e2544c13058255f2144cb757066cd3342a1c8c46"

is-alphanumerical@^1.0.0:
  version "1.0.0"
  resolved "https://registry.yarnpkg.com/is-alphanumerical/-/is-alphanumerical-1.0.0.tgz#e06492e719c1bf15dec239e4f1af5f67b4d6e7bf"
  dependencies:
    is-alphabetical "^1.0.0"
    is-decimal "^1.0.0"

is-decimal@^1.0.0:
  version "1.0.0"
  resolved "https://registry.yarnpkg.com/is-decimal/-/is-decimal-1.0.0.tgz#940579b6ea63c628080a69e62bda88c8470b4fe0"

is-hexadecimal@^1.0.0:
  version "1.0.0"
  resolved "https://registry.yarnpkg.com/is-hexadecimal/-/is-hexadecimal-1.0.0.tgz#5c459771d2af9a2e3952781fd54fcb1bcfe4113c"

parse-entities@^1.1.0:
  version "1.1.0"
  resolved "https://registry.yarnpkg.com/parse-entities/-/parse-entities-1.1.0.tgz#4bc58f35fdc8e65dded35a12f2e40223ca24a3f7"
  dependencies:
    character-entities "^1.0.0"
    character-entities-legacy "^1.0.0"
    character-reference-invalid "^1.0.0"
    has "^1.0.1"
    is-alphanumerical "^1.0.0"
    is-decimal "^1.0.0"
    is-hexadecimal "^1.0.0"

strip@^3.0.0:
  version "3.0.0"
  resolved "https://registry.yarnpkg.com/strip/-/strip-3.0.0.tgz#750fc933152a7d35af0b7420e651789b914cc35e"
